
Microsoft Visual Studio Solution File, Format Version 12.00
# Visual Studio Version 17
VisualStudioVersion = 17.10.34916.146
MinimumVisualStudioVersion = 10.0.40219.1
Project("{FAE04EC0-301F-11D3-BF4B-00C04F79EFBC}") = "MyGraphQLApp", "MyGraphQLApp\MyGraphQLApp.csproj", "{38BEFDA1-C16A-4520-A771-E4B3B9F46425}"
EndProject
Global
	GlobalSection(SolutionConfigurationPlatforms) = preSolution
		Debug|Any CPU = Debug|Any CPU
		Release|Any CPU = Release|Any CPU
	EndGlobalSection
	GlobalSection(ProjectConfigurationPlatforms) = postSolution
		{38BEFDA1-C16A-4520-A771-E4B3B9F46425}.Debug|Any CPU.ActiveCfg = Debug|Any CPU
		{38BEFDA1-C16A-4520-A771-E4B3B9F46425}.Debug|Any CPU.Build.0 = Debug|Any CPU
		{38BEFDA1-C16A-4520-A771-E4B3B9F46425}.Release|Any CPU.ActiveCfg = Release|Any CPU
		{38BEFDA1-C16A-4520-A771-E4B3B9F46425}.Release|Any CPU.Build.0 = Release|Any CPU
	EndGlobalSection
	GlobalSection(SolutionProperties) = preSolution
		HideSolutionNode = FALSE
	EndGlobalSection
	GlobalSection(ExtensibilityGlobals) = postSolution
		SolutionGuid = {6FAB1DD5-4D01-46C9-B01A-46361BFC2E4C}
	EndGlobalSection
EndGlobal
